
Microsoft Visual Studio Solution File, Format Version 12.00
Project("{FAE04EC0-301F-11D3-BF4B-00C04F79EFBC}") = "Oponeo.Start", "Oponeo.Start\Oponeo.Start.csproj", "{539DBE7E-AEAE-4ADC-9170-D55275CE87D6}"
EndProject
Project("{2150E333-8FDC-42A3-9474-1A3956D46DE8}") = "BoundedContext", "BoundedContext", "{5380DD38-5193-40DF-9970-A82023C555A8}"
EndProject
Project("{FAE04EC0-301F-11D3-BF4B-00C04F79EFBC}") = "Oponeo.Controllers", "Oponeo.Controllers\Oponeo.Controllers.csproj", "{198AF92D-C99A-4B5A-AD7A-7127E48679B6}"
EndProject
Project("{FAE04EC0-301F-11D3-BF4B-00C04F79EFBC}") = "Oponeo.Contracts", "Oponeo.Contracts\Oponeo.Contracts.csproj", "{A8DA4079-4836-4989-B78A-44A7CF289F51}"
EndProject
Project("{FAE04EC0-301F-11D3-BF4B-00C04F79EFBC}") = "Oponeo.Domain", "Oponeo.Domain\Oponeo.Domain.csproj", "{B70CF3EB-3E23-4B6C-ADBB-4CC153C129FA}"
EndProject
Project("{FAE04EC0-301F-11D3-BF4B-00C04F79EFBC}") = "Oponeo.Infrastructure", "Oponeo.Infrastructure\Oponeo.Infrastructure.csproj", "{7B19BF60-67A8-4AAA-B9EF-1890A7F12138}"
EndProject
Global
	GlobalSection(SolutionConfigurationPlatforms) = preSolution
		Debug|Any CPU = Debug|Any CPU
		Release|Any CPU = Release|Any CPU
	EndGlobalSection
	GlobalSection(ProjectConfigurationPlatforms) = postSolution
		{539DBE7E-AEAE-4ADC-9170-D55275CE87D6}.Debug|Any CPU.ActiveCfg = Debug|Any CPU
		{539DBE7E-AEAE-4ADC-9170-D55275CE87D6}.Debug|Any CPU.Build.0 = Debug|Any CPU
		{539DBE7E-AEAE-4ADC-9170-D55275CE87D6}.Release|Any CPU.ActiveCfg = Release|Any CPU
		{539DBE7E-AEAE-4ADC-9170-D55275CE87D6}.Release|Any CPU.Build.0 = Release|Any CPU
		{198AF92D-C99A-4B5A-AD7A-7127E48679B6}.Debug|Any CPU.ActiveCfg = Debug|Any CPU
		{198AF92D-C99A-4B5A-AD7A-7127E48679B6}.Debug|Any CPU.Build.0 = Debug|Any CPU
		{198AF92D-C99A-4B5A-AD7A-7127E48679B6}.Release|Any CPU.ActiveCfg = Release|Any CPU
		{198AF92D-C99A-4B5A-AD7A-7127E48679B6}.Release|Any CPU.Build.0 = Release|Any CPU
		{A8DA4079-4836-4989-B78A-44A7CF289F51}.Debug|Any CPU.ActiveCfg = Debug|Any CPU
		{A8DA4079-4836-4989-B78A-44A7CF289F51}.Debug|Any CPU.Build.0 = Debug|Any CPU
		{A8DA4079-4836-4989-B78A-44A7CF289F51}.Release|Any CPU.ActiveCfg = Release|Any CPU
		{A8DA4079-4836-4989-B78A-44A7CF289F51}.Release|Any CPU.Build.0 = Release|Any CPU
		{B70CF3EB-3E23-4B6C-ADBB-4CC153C129FA}.Debug|Any CPU.ActiveCfg = Debug|Any CPU
		{B70CF3EB-3E23-4B6C-ADBB-4CC153C129FA}.Debug|Any CPU.Build.0 = Debug|Any CPU
		{B70CF3EB-3E23-4B6C-ADBB-4CC153C129FA}.Release|Any CPU.ActiveCfg = Release|Any CPU
		{B70CF3EB-3E23-4B6C-ADBB-4CC153C129FA}.Release|Any CPU.Build.0 = Release|Any CPU
		{7B19BF60-67A8-4AAA-B9EF-1890A7F12138}.Debug|Any CPU.ActiveCfg = Debug|Any CPU
		{7B19BF60-67A8-4AAA-B9EF-1890A7F12138}.Debug|Any CPU.Build.0 = Debug|Any CPU
		{7B19BF60-67A8-4AAA-B9EF-1890A7F12138}.Release|Any CPU.ActiveCfg = Release|Any CPU
		{7B19BF60-67A8-4AAA-B9EF-1890A7F12138}.Release|Any CPU.Build.0 = Release|Any CPU
	EndGlobalSection
	GlobalSection(NestedProjects) = preSolution
		{198AF92D-C99A-4B5A-AD7A-7127E48679B6} = {5380DD38-5193-40DF-9970-A82023C555A8}
		{A8DA4079-4836-4989-B78A-44A7CF289F51} = {5380DD38-5193-40DF-9970-A82023C555A8}
		{B70CF3EB-3E23-4B6C-ADBB-4CC153C129FA} = {5380DD38-5193-40DF-9970-A82023C555A8}
		{7B19BF60-67A8-4AAA-B9EF-1890A7F12138} = {5380DD38-5193-40DF-9970-A82023C555A8}
	EndGlobalSection
EndGlobal
