
Microsoft Visual Studio Solution File, Format Version 12.00
Project("{FAE04EC0-301F-11D3-BF4B-00C04F79EFBC}") = "Apm.Exc1", "Apm.Exc1\Apm.Exc1.csproj", "{9262F6E7-2A6B-4C37-AC59-397B165A5AA6}"
EndProject
Project("{FAE04EC0-301F-11D3-BF4B-00C04F79EFBC}") = "ConsoleApmApp", "ConsoleApmApp\ConsoleApmApp.csproj", "{179FE2A3-2435-4088-BB0A-F79475B7064C}"
EndProject
Global
	GlobalSection(SolutionConfigurationPlatforms) = preSolution
		Debug|Any CPU = Debug|Any CPU
		Release|Any CPU = Release|Any CPU
	EndGlobalSection
	GlobalSection(ProjectConfigurationPlatforms) = postSolution
		{9262F6E7-2A6B-4C37-AC59-397B165A5AA6}.Debug|Any CPU.ActiveCfg = Debug|Any CPU
		{9262F6E7-2A6B-4C37-AC59-397B165A5AA6}.Debug|Any CPU.Build.0 = Debug|Any CPU
		{9262F6E7-2A6B-4C37-AC59-397B165A5AA6}.Release|Any CPU.ActiveCfg = Release|Any CPU
		{9262F6E7-2A6B-4C37-AC59-397B165A5AA6}.Release|Any CPU.Build.0 = Release|Any CPU
		{179FE2A3-2435-4088-BB0A-F79475B7064C}.Debug|Any CPU.ActiveCfg = Debug|Any CPU
		{179FE2A3-2435-4088-BB0A-F79475B7064C}.Debug|Any CPU.Build.0 = Debug|Any CPU
		{179FE2A3-2435-4088-BB0A-F79475B7064C}.Release|Any CPU.ActiveCfg = Release|Any CPU
		{179FE2A3-2435-4088-BB0A-F79475B7064C}.Release|Any CPU.Build.0 = Release|Any CPU
	EndGlobalSection
EndGlobal
