
Microsoft Visual Studio Solution File, Format Version 12.00
Project("{FAE04EC0-301F-11D3-BF4B-00C04F79EFBC}") = "Apm.Exc1", "Apm.Exc1\Apm.Exc1.csproj", "{9262F6E7-2A6B-4C37-AC59-397B165A5AA6}"
EndProject
Project("{FAE04EC0-301F-11D3-BF4B-00C04F79EFBC}") = "ConsoleApmApp", "ConsoleApmApp\ConsoleApmApp.csproj", "{179FE2A3-2435-4088-BB0A-F79475B7064C}"
EndProject
Project("{FAE04EC0-301F-11D3-BF4B-00C04F79EFBC}") = "WebApplication1", "WebApplication1\WebApplication1.csproj", "{CE1C6E24-4ACC-49DF-9131-18AAD508CC6C}"
EndProject
Project("{FAE04EC0-301F-11D3-BF4B-00C04F79EFBC}") = "ConsoleIOOperationApp", "ConsoleIOOperationApp\ConsoleIOOperationApp.csproj", "{890D013A-D5C9-4BB5-A884-7B43A1EF9CAD}"
EndProject
Project("{FAE04EC0-301F-11D3-BF4B-00C04F79EFBC}") = "SpinLockExampleConsoleApp", "SpinLockExampleConsoleApp\SpinLockExampleConsoleApp.csproj", "{AA8F66F9-D6E8-4A5E-A4A3-BE4A340220CB}"
EndProject
Project("{FAE04EC0-301F-11D3-BF4B-00C04F79EFBC}") = "SpinWaitExampleConsoleApp", "SpinWaitExampleConsoleApp\SpinWaitExampleConsoleApp.csproj", "{E577B36C-E450-4944-B97C-AF67E2C4FFCE}"
EndProject
Project("{FAE04EC0-301F-11D3-BF4B-00C04F79EFBC}") = "ConcurrentAndImmutableCollectionsVerificationConsoleApp", "ConcurrentAndImmutableCollectionsVerificationConsoleApp\ConcurrentAndImmutableCollectionsVerificationConsoleApp.csproj", "{09C6B0E3-AB58-4D68-B6A4-EF03C822D4EB}"
EndProject
Global
	GlobalSection(SolutionConfigurationPlatforms) = preSolution
		Debug|Any CPU = Debug|Any CPU
		Release|Any CPU = Release|Any CPU
	EndGlobalSection
	GlobalSection(ProjectConfigurationPlatforms) = postSolution
		{9262F6E7-2A6B-4C37-AC59-397B165A5AA6}.Debug|Any CPU.ActiveCfg = Debug|Any CPU
		{9262F6E7-2A6B-4C37-AC59-397B165A5AA6}.Debug|Any CPU.Build.0 = Debug|Any CPU
		{9262F6E7-2A6B-4C37-AC59-397B165A5AA6}.Release|Any CPU.ActiveCfg = Release|Any CPU
		{9262F6E7-2A6B-4C37-AC59-397B165A5AA6}.Release|Any CPU.Build.0 = Release|Any CPU
		{179FE2A3-2435-4088-BB0A-F79475B7064C}.Debug|Any CPU.ActiveCfg = Debug|Any CPU
		{179FE2A3-2435-4088-BB0A-F79475B7064C}.Debug|Any CPU.Build.0 = Debug|Any CPU
		{179FE2A3-2435-4088-BB0A-F79475B7064C}.Release|Any CPU.ActiveCfg = Release|Any CPU
		{179FE2A3-2435-4088-BB0A-F79475B7064C}.Release|Any CPU.Build.0 = Release|Any CPU
		{CE1C6E24-4ACC-49DF-9131-18AAD508CC6C}.Debug|Any CPU.ActiveCfg = Debug|Any CPU
		{CE1C6E24-4ACC-49DF-9131-18AAD508CC6C}.Debug|Any CPU.Build.0 = Debug|Any CPU
		{CE1C6E24-4ACC-49DF-9131-18AAD508CC6C}.Release|Any CPU.ActiveCfg = Release|Any CPU
		{CE1C6E24-4ACC-49DF-9131-18AAD508CC6C}.Release|Any CPU.Build.0 = Release|Any CPU
		{890D013A-D5C9-4BB5-A884-7B43A1EF9CAD}.Debug|Any CPU.ActiveCfg = Debug|Any CPU
		{890D013A-D5C9-4BB5-A884-7B43A1EF9CAD}.Debug|Any CPU.Build.0 = Debug|Any CPU
		{890D013A-D5C9-4BB5-A884-7B43A1EF9CAD}.Release|Any CPU.ActiveCfg = Release|Any CPU
		{890D013A-D5C9-4BB5-A884-7B43A1EF9CAD}.Release|Any CPU.Build.0 = Release|Any CPU
		{AA8F66F9-D6E8-4A5E-A4A3-BE4A340220CB}.Debug|Any CPU.ActiveCfg = Debug|Any CPU
		{AA8F66F9-D6E8-4A5E-A4A3-BE4A340220CB}.Debug|Any CPU.Build.0 = Debug|Any CPU
		{AA8F66F9-D6E8-4A5E-A4A3-BE4A340220CB}.Release|Any CPU.ActiveCfg = Release|Any CPU
		{AA8F66F9-D6E8-4A5E-A4A3-BE4A340220CB}.Release|Any CPU.Build.0 = Release|Any CPU
		{E577B36C-E450-4944-B97C-AF67E2C4FFCE}.Debug|Any CPU.ActiveCfg = Debug|Any CPU
		{E577B36C-E450-4944-B97C-AF67E2C4FFCE}.Debug|Any CPU.Build.0 = Debug|Any CPU
		{E577B36C-E450-4944-B97C-AF67E2C4FFCE}.Release|Any CPU.ActiveCfg = Release|Any CPU
		{E577B36C-E450-4944-B97C-AF67E2C4FFCE}.Release|Any CPU.Build.0 = Release|Any CPU
		{09C6B0E3-AB58-4D68-B6A4-EF03C822D4EB}.Debug|Any CPU.ActiveCfg = Debug|Any CPU
		{09C6B0E3-AB58-4D68-B6A4-EF03C822D4EB}.Debug|Any CPU.Build.0 = Debug|Any CPU
		{09C6B0E3-AB58-4D68-B6A4-EF03C822D4EB}.Release|Any CPU.ActiveCfg = Release|Any CPU
		{09C6B0E3-AB58-4D68-B6A4-EF03C822D4EB}.Release|Any CPU.Build.0 = Release|Any CPU
	EndGlobalSection
EndGlobal
